
Microsoft Visual Studio Solution File, Format Version 12.00
# Visual Studio Version 16
VisualStudioVersion = 16.0.30523.141
MinimumVisualStudioVersion = 10.0.40219.1
Project("{FAE04EC0-301F-11D3-BF4B-00C04F79EFBC}") = "com.bateeqshop.service.voucher.api", "com.bateeqshop.service.voucher.api\com.bateeqshop.service.voucher.api.csproj", "{3F359F74-FABC-4212-A56A-35A905316D70}"
EndProject
Project("{FAE04EC0-301F-11D3-BF4B-00C04F79EFBC}") = "com.bateeqshop.service.voucher.data", "com.bateeqshop.service.voucher.data\com.bateeqshop.service.voucher.data.csproj", "{381396D8-D049-42AD-9DA7-E46049692F54}"
EndProject
Project("{FAE04EC0-301F-11D3-BF4B-00C04F79EFBC}") = "com.bateeqshop.service.voucher.business", "com.bateeqshop.service.voucher.business\com.bateeqshop.service.voucher.business.csproj", "{8E2AC262-71D5-49F2-A054-B928B0D0A092}"
EndProject
Global
	GlobalSection(SolutionConfigurationPlatforms) = preSolution
		Debug|Any CPU = Debug|Any CPU
		Release|Any CPU = Release|Any CPU
	EndGlobalSection
	GlobalSection(ProjectConfigurationPlatforms) = postSolution
		{3F359F74-FABC-4212-A56A-35A905316D70}.Debug|Any CPU.ActiveCfg = Debug|Any CPU
		{3F359F74-FABC-4212-A56A-35A905316D70}.Debug|Any CPU.Build.0 = Debug|Any CPU
		{3F359F74-FABC-4212-A56A-35A905316D70}.Release|Any CPU.ActiveCfg = Release|Any CPU
		{3F359F74-FABC-4212-A56A-35A905316D70}.Release|Any CPU.Build.0 = Release|Any CPU
		{381396D8-D049-42AD-9DA7-E46049692F54}.Debug|Any CPU.ActiveCfg = Debug|Any CPU
		{381396D8-D049-42AD-9DA7-E46049692F54}.Debug|Any CPU.Build.0 = Debug|Any CPU
		{381396D8-D049-42AD-9DA7-E46049692F54}.Release|Any CPU.ActiveCfg = Release|Any CPU
		{381396D8-D049-42AD-9DA7-E46049692F54}.Release|Any CPU.Build.0 = Release|Any CPU
		{8E2AC262-71D5-49F2-A054-B928B0D0A092}.Debug|Any CPU.ActiveCfg = Debug|Any CPU
		{8E2AC262-71D5-49F2-A054-B928B0D0A092}.Debug|Any CPU.Build.0 = Debug|Any CPU
		{8E2AC262-71D5-49F2-A054-B928B0D0A092}.Release|Any CPU.ActiveCfg = Release|Any CPU
		{8E2AC262-71D5-49F2-A054-B928B0D0A092}.Release|Any CPU.Build.0 = Release|Any CPU
	EndGlobalSection
	GlobalSection(SolutionProperties) = preSolution
		HideSolutionNode = FALSE
	EndGlobalSection
	GlobalSection(ExtensibilityGlobals) = postSolution
		SolutionGuid = {CB430EAE-BF74-44F3-9EBD-839B5D7EFC90}
	EndGlobalSection
EndGlobal
